
Microsoft Visual Studio Solution File, Format Version 12.00
# Visual Studio Version 16
VisualStudioVersion = 16.0.31105.61
MinimumVisualStudioVersion = 10.0.40219.1
Project("{FAE04EC0-301F-11D3-BF4B-00C04F79EFBC}") = "BSX.FG.Ejemplo.Cliente", "BSX.FG.Ejemplo.Cliente\BSX.FG.Ejemplo.Cliente.csproj", "{3E616D78-275B-4A3F-8A17-84D2539E4C9F}"
EndProject
Global
	GlobalSection(SolutionConfigurationPlatforms) = preSolution
		Debug|Any CPU = Debug|Any CPU
		Release|Any CPU = Release|Any CPU
	EndGlobalSection
	GlobalSection(ProjectConfigurationPlatforms) = postSolution
		{3E616D78-275B-4A3F-8A17-84D2539E4C9F}.Debug|Any CPU.ActiveCfg = Debug|Any CPU
		{3E616D78-275B-4A3F-8A17-84D2539E4C9F}.Debug|Any CPU.Build.0 = Debug|Any CPU
		{3E616D78-275B-4A3F-8A17-84D2539E4C9F}.Release|Any CPU.ActiveCfg = Release|Any CPU
		{3E616D78-275B-4A3F-8A17-84D2539E4C9F}.Release|Any CPU.Build.0 = Release|Any CPU
	EndGlobalSection
	GlobalSection(SolutionProperties) = preSolution
		HideSolutionNode = FALSE
	EndGlobalSection
	GlobalSection(ExtensibilityGlobals) = postSolution
		SolutionGuid = {A82B0648-4D2D-4124-8050-12354965E169}
	EndGlobalSection
	GlobalSection(TeamFoundationVersionControl) = preSolution
		SccNumberOfProjects = 2
		SccEnterpriseProvider = {4CA58AB2-18FA-4F8D-95D4-32DDF27D184C}
		SccTeamFoundationServer = https://bisimplex.visualstudio.com/defaultcollection
		SccLocalPath0 = .
		SccProjectUniqueName1 = BSX.FG.Ejemplo.Cliente\\BSX.FG.Ejemplo.Cliente.csproj
		SccProjectName1 = BSX.FG.Ejemplo.Cliente
		SccLocalPath1 = BSX.FG.Ejemplo.Cliente
	EndGlobalSection
EndGlobal
